
Microsoft Visual Studio Solution File, Format Version 12.00
# Visual Studio Version 17
VisualStudioVersion = 17.0.31903.59
MinimumVisualStudioVersion = 10.0.40219.1
Project("{2150E333-8FDC-42A3-9474-1A3956D46DE8}") = "src", "src", "{827E0CD3-B72D-47B6-A68D-7590B98EB39B}"
EndProject
Project("{FAE04EC0-301F-11D3-BF4B-00C04F79EFBC}") = "COI.Domain", "src\COI.Domain\COI.Domain.csproj", "{8F9475DC-E336-4122-A315-2D8233CACB48}"
EndProject
Project("{FAE04EC0-301F-11D3-BF4B-00C04F79EFBC}") = "COI.Application", "src\COI.Application\COI.Application.csproj", "{440FA903-58FD-4BA3-BF0A-BA4090C55DDB}"
EndProject
Project("{FAE04EC0-301F-11D3-BF4B-00C04F79EFBC}") = "COI.Infrastructure", "src\COI.Infrastructure\COI.Infrastructure.csproj", "{A1357B49-0FCE-40F3-8AA0-629C8640DFD9}"
EndProject
Project("{FAE04EC0-301F-11D3-BF4B-00C04F79EFBC}") = "COI.API", "src\COI.API\COI.API.csproj", "{9DF0B6CD-D984-41CF-8405-F245459BFAE8}"
EndProject
Global
	GlobalSection(SolutionConfigurationPlatforms) = preSolution
		Debug|Any CPU = Debug|Any CPU
		Debug|x64 = Debug|x64
		Debug|x86 = Debug|x86
		Release|Any CPU = Release|Any CPU
		Release|x64 = Release|x64
		Release|x86 = Release|x86
	EndGlobalSection
	GlobalSection(ProjectConfigurationPlatforms) = postSolution
		{8F9475DC-E336-4122-A315-2D8233CACB48}.Debug|Any CPU.ActiveCfg = Debug|Any CPU
		{8F9475DC-E336-4122-A315-2D8233CACB48}.Debug|Any CPU.Build.0 = Debug|Any CPU
		{8F9475DC-E336-4122-A315-2D8233CACB48}.Debug|x64.ActiveCfg = Debug|Any CPU
		{8F9475DC-E336-4122-A315-2D8233CACB48}.Debug|x64.Build.0 = Debug|Any CPU
		{8F9475DC-E336-4122-A315-2D8233CACB48}.Debug|x86.ActiveCfg = Debug|Any CPU
		{8F9475DC-E336-4122-A315-2D8233CACB48}.Debug|x86.Build.0 = Debug|Any CPU
		{8F9475DC-E336-4122-A315-2D8233CACB48}.Release|Any CPU.ActiveCfg = Release|Any CPU
		{8F9475DC-E336-4122-A315-2D8233CACB48}.Release|Any CPU.Build.0 = Release|Any CPU
		{8F9475DC-E336-4122-A315-2D8233CACB48}.Release|x64.ActiveCfg = Release|Any CPU
		{8F9475DC-E336-4122-A315-2D8233CACB48}.Release|x64.Build.0 = Release|Any CPU
		{8F9475DC-E336-4122-A315-2D8233CACB48}.Release|x86.ActiveCfg = Release|Any CPU
		{8F9475DC-E336-4122-A315-2D8233CACB48}.Release|x86.Build.0 = Release|Any CPU
		{440FA903-58FD-4BA3-BF0A-BA4090C55DDB}.Debug|Any CPU.ActiveCfg = Debug|Any CPU
		{440FA903-58FD-4BA3-BF0A-BA4090C55DDB}.Debug|Any CPU.Build.0 = Debug|Any CPU
		{440FA903-58FD-4BA3-BF0A-BA4090C55DDB}.Debug|x64.ActiveCfg = Debug|Any CPU
		{440FA903-58FD-4BA3-BF0A-BA4090C55DDB}.Debug|x64.Build.0 = Debug|Any CPU
		{440FA903-58FD-4BA3-BF0A-BA4090C55DDB}.Debug|x86.ActiveCfg = Debug|Any CPU
		{440FA903-58FD-4BA3-BF0A-BA4090C55DDB}.Debug|x86.Build.0 = Debug|Any CPU
		{440FA903-58FD-4BA3-BF0A-BA4090C55DDB}.Release|Any CPU.ActiveCfg = Release|Any CPU
		{440FA903-58FD-4BA3-BF0A-BA4090C55DDB}.Release|Any CPU.Build.0 = Release|Any CPU
		{440FA903-58FD-4BA3-BF0A-BA4090C55DDB}.Release|x64.ActiveCfg = Release|Any CPU
		{440FA903-58FD-4BA3-BF0A-BA4090C55DDB}.Release|x64.Build.0 = Release|Any CPU
		{440FA903-58FD-4BA3-BF0A-BA4090C55DDB}.Release|x86.ActiveCfg = Release|Any CPU
		{440FA903-58FD-4BA3-BF0A-BA4090C55DDB}.Release|x86.Build.0 = Release|Any CPU
		{A1357B49-0FCE-40F3-8AA0-629C8640DFD9}.Debug|Any CPU.ActiveCfg = Debug|Any CPU
		{A1357B49-0FCE-40F3-8AA0-629C8640DFD9}.Debug|Any CPU.Build.0 = Debug|Any CPU
		{A1357B49-0FCE-40F3-8AA0-629C8640DFD9}.Debug|x64.ActiveCfg = Debug|Any CPU
		{A1357B49-0FCE-40F3-8AA0-629C8640DFD9}.Debug|x64.Build.0 = Debug|Any CPU
		{A1357B49-0FCE-40F3-8AA0-629C8640DFD9}.Debug|x86.ActiveCfg = Debug|Any CPU
		{A1357B49-0FCE-40F3-8AA0-629C8640DFD9}.Debug|x86.Build.0 = Debug|Any CPU
		{A1357B49-0FCE-40F3-8AA0-629C8640DFD9}.Release|Any CPU.ActiveCfg = Release|Any CPU
		{A1357B49-0FCE-40F3-8AA0-629C8640DFD9}.Release|Any CPU.Build.0 = Release|Any CPU
		{A1357B49-0FCE-40F3-8AA0-629C8640DFD9}.Release|x64.ActiveCfg = Release|Any CPU
		{A1357B49-0FCE-40F3-8AA0-629C8640DFD9}.Release|x64.Build.0 = Release|Any CPU
		{A1357B49-0FCE-40F3-8AA0-629C8640DFD9}.Release|x86.ActiveCfg = Release|Any CPU
		{A1357B49-0FCE-40F3-8AA0-629C8640DFD9}.Release|x86.Build.0 = Release|Any CPU
		{9DF0B6CD-D984-41CF-8405-F245459BFAE8}.Debug|Any CPU.ActiveCfg = Debug|Any CPU
		{9DF0B6CD-D984-41CF-8405-F245459BFAE8}.Debug|Any CPU.Build.0 = Debug|Any CPU
		{9DF0B6CD-D984-41CF-8405-F245459BFAE8}.Debug|x64.ActiveCfg = Debug|Any CPU
		{9DF0B6CD-D984-41CF-8405-F245459BFAE8}.Debug|x64.Build.0 = Debug|Any CPU
		{9DF0B6CD-D984-41CF-8405-F245459BFAE8}.Debug|x86.ActiveCfg = Debug|Any CPU
		{9DF0B6CD-D984-41CF-8405-F245459BFAE8}.Debug|x86.Build.0 = Debug|Any CPU
		{9DF0B6CD-D984-41CF-8405-F245459BFAE8}.Release|Any CPU.ActiveCfg = Release|Any CPU
		{9DF0B6CD-D984-41CF-8405-F245459BFAE8}.Release|Any CPU.Build.0 = Release|Any CPU
		{9DF0B6CD-D984-41CF-8405-F245459BFAE8}.Release|x64.ActiveCfg = Release|Any CPU
		{9DF0B6CD-D984-41CF-8405-F245459BFAE8}.Release|x64.Build.0 = Release|Any CPU
		{9DF0B6CD-D984-41CF-8405-F245459BFAE8}.Release|x86.ActiveCfg = Release|Any CPU
		{9DF0B6CD-D984-41CF-8405-F245459BFAE8}.Release|x86.Build.0 = Release|Any CPU
	EndGlobalSection
	GlobalSection(SolutionProperties) = preSolution
		HideSolutionNode = FALSE
	EndGlobalSection
	GlobalSection(NestedProjects) = preSolution
		{8F9475DC-E336-4122-A315-2D8233CACB48} = {827E0CD3-B72D-47B6-A68D-7590B98EB39B}
		{440FA903-58FD-4BA3-BF0A-BA4090C55DDB} = {827E0CD3-B72D-47B6-A68D-7590B98EB39B}
		{A1357B49-0FCE-40F3-8AA0-629C8640DFD9} = {827E0CD3-B72D-47B6-A68D-7590B98EB39B}
		{9DF0B6CD-D984-41CF-8405-F245459BFAE8} = {827E0CD3-B72D-47B6-A68D-7590B98EB39B}
	EndGlobalSection
EndGlobal
